{
  "name": "post-js",
  "version": "0.0.1",
  "lockfileVersion": 1,
  "requires": true,
  "dependencies": {
    "deep-equal": {
      "version": "1.0.1",
      "resolved": "https://registry.npmjs.org/deep-equal/-/deep-equal-1.0.1.tgz",
      "integrity": "sha1-9dJgKStmDghO/0zbyfCK0yR0SLU="
    },
    "fast-json-patch": {
      "version": "2.0.5",
      "resolved": "https://registry.npmjs.org/fast-json-patch/-/fast-json-patch-2.0.5.tgz",
      "integrity": "sha1-pxLoKb5pq3B1FEQMVAS92bDTxgk=",
      "requires": {
        "deep-equal": "1.0.1"
      }
    },
    "s-js": {
      "version": "0.4.5",
      "resolved": "https://registry.npmjs.org/s-js/-/s-js-0.4.5.tgz",
      "integrity": "sha512-AMBMOF/jS0YNS61UwHHquqEk+fJUK4kDs1Q3yUhem18PYtFQ8F0XQ2RAi5Qgw8TDS7s1Rc7ot7srwSSmTKRyUA=="
    }
  }
}
